# This file is automatically @generated by Cargo.
# It is not intended for manual editing.
version = 4

[[package]]
name = "engine"
version = "0.1.0"

[[package]]
name = "host-common"
version = "0.1.0"
dependencies = [
 "engine",
]

[[package]]
name = "host-daisy"
version = "0.1.0"
dependencies = [
 "engine",
]

[[package]]
name = "host-windows"
version = "0.1.0"
dependencies = [
 "host-common",
]

[[package]]
name = "host-wsl"
version = "0.1.0"
dependencies = [
 "host-common",
]
